
Microsoft Visual Studio Solution File, Format Version 12.00
# Visual Studio Version 16
VisualStudioVersion = 16.0.31005.135
MinimumVisualStudioVersion = 10.0.40219.1
Project("{FAE04EC0-301F-11D3-BF4B-00C04F79EFBC}") = "CVresume", "tese17\CVresume.csproj", "{66C68A4A-1E5D-4D95-B45B-0712D4AC3AEA}"
EndProject
Global
	GlobalSection(SolutionConfigurationPlatforms) = preSolution
		Debug|Any CPU = Debug|Any CPU
		Release|Any CPU = Release|Any CPU
	EndGlobalSection
	GlobalSection(ProjectConfigurationPlatforms) = postSolution
		{66C68A4A-1E5D-4D95-B45B-0712D4AC3AEA}.Debug|Any CPU.ActiveCfg = Debug|Any CPU
		{66C68A4A-1E5D-4D95-B45B-0712D4AC3AEA}.Debug|Any CPU.Build.0 = Debug|Any CPU
		{66C68A4A-1E5D-4D95-B45B-0712D4AC3AEA}.Release|Any CPU.ActiveCfg = Release|Any CPU
		{66C68A4A-1E5D-4D95-B45B-0712D4AC3AEA}.Release|Any CPU.Build.0 = Release|Any CPU
	EndGlobalSection
	GlobalSection(SolutionProperties) = preSolution
		HideSolutionNode = FALSE
	EndGlobalSection
	GlobalSection(ExtensibilityGlobals) = postSolution
		SolutionGuid = {B072FEE1-C0A6-4F37-B15E-14ABF5A44C30}
	EndGlobalSection
EndGlobal
